version = 1
revision = 2
requires-python = ">=3.12"
resolution-markers = [
    "python_full_version >= '3.14' and sys_platform == 'win32'",
    "python_full_version >= '3.14' and sys_platform == 'emscripten'",
    "python_full_version >= '3.14' and sys_platform != 'emscripten' and sys_platform != 'win32'",
    "python_full_version < '3.14' and sys_platform == 'win32'",
    "python_full_version < '3.14' and sys_platform == 'emscripten'",
    "python_full_version < '3.14' and sys_platform != 'emscripten' and sys_platform != 'win32'",
]

[[package]]
name = "2026-04-29-mrl-tweaks"
version = "0.1.0"
source = { virtual = "." }
dependencies = [
    { name = "langcodes" },
    { name = "language-data" },
    { name = "numpy" },
    { name = "pandas" },
]

[package.metadata]
requires-dist = [
    { name = "langcodes", specifier = ">=3.5.1" },
    { name = "language-data", specifier = ">=1.4.0" },
    { name = "numpy", specifier = ">=2.4.4" },
    { name = "pandas", specifier = ">=3.0.2" },
]

[[package]]
name = "langcodes"
version = "3.5.1"
source = { registry = "https://pypi.org/simple" }
sdist = { url = "https://files.pythonhosted.org/packages/a9/75/f9edc5d72945019312f359e69ded9f82392a81d49c5051ed3209b100c0d2/langcodes-3.5.1.tar.gz", hash = "sha256:40bff315e01b01d11c2ae3928dd4f5cbd74dd38f9bd912c12b9a3606c143f731", size = 191084, upload-time = "2025-12-02T16:22:01.627Z" }
wheels = [
    { url = "https://files.pythonhosted.org/packages/dd/c1/d10b371bcba7abce05e2b33910e39c33cfa496a53f13640b7b8e10bb4d2b/langcodes-3.5.1-py3-none-any.whl", hash = "sha256:b6a9c25c603804e2d169165091d0cdb23934610524a21d226e4f463e8e958a72", size = 183050, upload-time = "2025-12-02T16:21:59.954Z" },
]

[[package]]
name = "language-data"
version = "1.4.0"
source = { registry = "https://pypi.org/simple" }
dependencies = [
    { name = "marisa-trie" },
]
sdist = { url = "https://files.pythonhosted.org/packages/61/50/2518b4d0805f4d1f10166837829ad0bd71dcee3ec33fa84aa8c0db23c13c/language_data-1.4.0.tar.gz", hash = "sha256:800e6457e7beda781c156e02d7707e38db2ded026472e07e2c055dc8446ee574", size = 5309660, upload-time = "2025-11-28T13:45:25.217Z" }
wheels = [
    { url = "https://files.pythonhosted.org/packages/ad/d1/68e2bcca94c9bbdc122a71e504e0b6a6c3e31541b1bad33fee0205996006/language_data-1.4.0-py3-none-any.whl", hash = "sha256:f741927c24ab14cbed2a57bc2bfe82b00cff266c427179597e8b14123364f084", size = 5572678, upload-time = "2025-11-28T13:45:23.381Z" },
]

[[package]]
name = "marisa-trie"
version = "1.4.1"
source = { registry = "https://pypi.org/simple" }
sdist = { url = "https://files.pythonhosted.org/packages/77/5d/e235921b5b74818cb65b557fa05cc6201c2c1612d4866ff75c835bcf808d/marisa_trie-1.4.1.tar.gz", hash = "sha256:44ce3bdbeb7c950d463e460184fc3e18702df9ef0edb826bac672fd789fb1d20", size = 261581, upload-time = "2026-04-08T07:17:52.991Z" }
wheels = [
    { url = "https://files.pythonhosted.org/packages/b3/b7/89811f7eba6e92386279376df81cfa281ab99e30f7e4f5a5e04d8dba6b99/marisa_trie-1.4.1-cp312-cp312-macosx_10_13_x86_64.whl", hash = "sha256:63964dedbf49ef0d17cb32d368f13ec71ca0ec026976b1cc24cb6a993d05752a", size = 206731, upload-time = "2026-04-08T07:16:37.439Z" },
    { url = "https://files.pythonhosted.org/packages/f7/8b/cc34313149486dfc13e84303e12d61fd55788b37d92c3e082cc3d142e776/marisa_trie-1.4.1-cp312-cp312-macosx_11_0_arm64.whl", hash = "sha256:87e65dff37d1b9edea7bc7a8e935c851ec4934f2e56071a4501ce8db97b579a4", size = 190988, upload-time = "2026-04-08T07:16:38.686Z" },
    { url = "https://files.pythonhosted.org/packages/15/0c/376e21c62bd0e658a5e9f6b8912f3116591778c639857ad374c7639ceebe/marisa_trie-1.4.1-cp312-cp312-manylinux_2_24_aarch64.manylinux_2_28_aarch64.whl", hash = "sha256:7bed50d39ff1391a67b9383a7f3c458a1a0cb40fe8dd16952f813fbf8939eeff", size = 1471836, upload-time = "2026-04-08T07:16:39.88Z" },
    { url = "https://files.pythonhosted.org/packages/bb/95/cd6e73d0857608f2946f3bc5ccac86488073b96fb37bc1b45b0184268bed/marisa_trie-1.4.1-cp312-cp312-manylinux_2_24_x86_64.manylinux_2_28_x86_64.whl", hash = "sha256:4d51bdd22a7238ef4d681effd7c224a267ddae054b64b1cec9ce95bbcd2b6a88", size = 1516414, upload-time = "2026-04-08T07:16:41.4Z" },
    { url = "https://files.pythonhosted.org/packages/51/73/339e8fab2e8cea88e9e0fd78aeb8ccdd3f8656d228dae2cb698f667a0fe7/marisa_trie-1.4.1-cp312-cp312-musllinux_1_2_aarch64.whl", hash = "sha256:d8da4dea083209301430d80c8a33d0a5ecb6a270c904743505adceaae4fface2", size = 2394325, upload-time = "2026-04-08T07:16:43.139Z" },
    { url = "https://files.pythonhosted.org/packages/5c/d7/0ba8bcaeee68a8e6cbc61b47825370a6c8a523ab16ea42e8728dec2213bc/marisa_trie-1.4.1-cp312-cp312-musllinux_1_2_x86_64.whl", hash = "sha256:e7f9603cc8a57dca847febf45349c51916c3e1340eb6ee064baabf181398dc79", size = 2510974, upload-time = "2026-04-08T07:16:44.848Z" },
    { url = "https://files.pythonhosted.org/packages/23/ef/fa342fdbc0c055030b93007dff5393675705071a14621e3f81bfb52eb970/marisa_trie-1.4.1-cp312-cp312-win32.whl", hash = "sha256:63cd2870f3890f2657610ed437110713e87972da0dc4d3e6303d370c9b28d215", size = 138890, upload-time = "2026-04-08T07:16:46.871Z" },
    { url = "https://files.pythonhosted.org/packages/73/7d/419114325f1bb4c2202c20f19f424f9dea1cc38de7cd1fae60d991e99b69/marisa_trie-1.4.1-cp312-cp312-win_amd64.whl", hash = "sha256:fc9bc6de7197cdd1f32b72566cc7ac75c465d6f2191bba51d17edfae2b5ca8b0", size = 168513, upload-time = "2026-04-08T07:16:48.475Z" },
    { url = "https://files.pythonhosted.org/packages/8f/f8/ae0dcbf79498b7aa00dae740982c9812fa95339bc6549ea63b4ad15eeb58/marisa_trie-1.4.1-cp312-cp312-win_arm64.whl", hash = "sha256:59375ab1e4e4cee87d318b6b3dffa91c599c89afd920ef53428235f4326ba1d6", size = 139710, upload-time = "2026-04-08T07:16:49.863Z" },
    { url = "https://files.pythonhosted.org/packages/91/df/a6b189cfdfc45fc402833fa067b1625a8ec4ef5446a8d7c08c5c84ea835e/marisa_trie-1.4.1-cp313-cp313-macosx_10_13_x86_64.whl", hash = "sha256:cde5209f0904209866e5c2ff5bdadc3d57bc9368ad3e26eac72a16d863e83dc0", size = 206631, upload-time = "2026-04-08T07:16:51.18Z" },
    { url = "https://files.pythonhosted.org/packages/4f/1b/7b03330888306166e96801acb5086eaf5ddc112d2ab8c03c8de478da7346/marisa_trie-1.4.1-cp313-cp313-macosx_11_0_arm64.whl", hash = "sha256:21ff39c29d900b44876913c96d0e2c550417450340fef5c8848111796a7f9de1", size = 190110, upload-time = "2026-04-08T07:16:52.276Z" },
    { url = "https://files.pythonhosted.org/packages/dc/41/6ae103ef7448320a7324f9866a253d595159ffe367c11e06baabb92ca4d2/marisa_trie-1.4.1-cp313-cp313-manylinux_2_24_aarch64.manylinux_2_28_aarch64.whl", hash = "sha256:84ce9b69a0516a52169d28e27ea14f015f6daf467fc8cb661eb841565d728ccf", size = 1474539, upload-time = "2026-04-08T07:16:53.924Z" },
    { url = "https://files.pythonhosted.org/packages/1b/dc/cbb5e8416ff5d193847b0e838b0b525773af7b6f4e1e4a33728d1b097fcb/marisa_trie-1.4.1-cp313-cp313-manylinux_2_24_x86_64.manylinux_2_28_x86_64.whl", hash = "sha256:eaa3db575cb757f98d2754bcab5e1e0b2a884dc611964ac2659be13b58ef32e8", size = 1501031, upload-time = "2026-04-08T07:16:55.554Z" },
    { url = "https://files.pythonhosted.org/packages/88/5c/ed86ad8683237dff8cdeb117b3b0664005e05bc221535301621ed474857d/marisa_trie-1.4.1-cp313-cp313-musllinux_1_2_aarch64.whl", hash = "sha256:71ab0be7b380d65871986d61839814153f55307ff593bac22109e65e804f07d4", size = 2397211, upload-time = "2026-04-08T07:16:57.199Z" },
    { url = "https://files.pythonhosted.org/packages/49/a3/2596d55ee48ed15a4d0de5a9ebd27de49888a029ffa521717c282df63efc/marisa_trie-1.4.1-cp313-cp313-musllinux_1_2_x86_64.whl", hash = "sha256:658f49e4e825b4e4257f53f455e214cd0e161ab326e569562cc8ff8f67a48506", size = 2498742, upload-time = "2026-04-08T07:16:58.779Z" },
    { url = "https://files.pythonhosted.org/packages/fe/d1/50c0ed09c99e4cd3ff7276f1a50a148c7bd4e585271215d3a05f74228bf9/marisa_trie-1.4.1-cp313-cp313-win32.whl", hash = "sha256:a56d6daf4449ae5f6825a03f9fabb97e56527fb44bc4a608944a872794f662d5", size = 138706, upload-time = "2026-04-08T07:17:00.258Z" },
    { url = "https://files.pythonhosted.org/packages/68/67/b35e8b14757ce5daffd5c4c1ab0bb9b3e3c7611e82fe5ab2707489a176c4/marisa_trie-1.4.1-cp313-cp313-win_amd64.whl", hash = "sha256:6a5d45561a5e6563a0f934899a097d69e74111181b162de4b64cceb31f1bf44b", size = 168903, upload-time = "2026-04-08T07:17:01.419Z" },
    { url = "https://files.pythonhosted.org/packages/da/91/bd06914afcb70710f684be44cf5435742d175d49c3de021ee62f7eb8c4e4/marisa_trie-1.4.1-cp313-cp313-win_arm64.whl", hash = "sha256:ab28fda06ef2e488240a17d3f9947447e7f1786ad04fb29584ab4a27fde656f4", size = 139620, upload-time = "2026-04-08T07:17:02.354Z" },
    { url = "https://files.pythonhosted.org/packages/75/b5/3823948064c63fd76777910b45481c6e251c9d4c3f261ca23d51b758dc91/marisa_trie-1.4.1-cp313-cp313t-macosx_10_13_x86_64.whl", hash = "sha256:efa5b4f8202c199ef7f4afe00ca4e406ea77b3940355595aabea8e9b393a22b1", size = 213383, upload-time = "2026-04-08T07:17:03.766Z" },
    { url = "https://files.pythonhosted.org/packages/ae/f1/5c77eea2ff285e47e8a523385f023075a452455ffa55804df95e4b569a12/marisa_trie-1.4.1-cp313-cp313t-macosx_11_0_arm64.whl", hash = "sha256:a8775892a5a96df359fa8853e6132b9504dfcc2ecebd27bb617cc5be6ffeb13d", size = 202037, upload-time = "2026-04-08T07:17:04.745Z" },
    { url = "https://files.pythonhosted.org/packages/2a/0d/0ea5e7f0aaa11c29aadaf121b6de275a6807d9712ef28ea4a6025bcab2e4/marisa_trie-1.4.1-cp313-cp313t-manylinux_2_24_aarch64.manylinux_2_28_aarch64.whl", hash = "sha256:cc68d4cdd7f1be60786888497f50c6fb8ad4f17bbec1d7accfc3fe69e725a329", size = 1542413, upload-time = "2026-04-08T07:17:06.247Z" },
    { url = "https://files.pythonhosted.org/packages/8a/a9/fe6aa360eba3178cd74796b5e0d6d07a1afabe5b09b54fa8c2aa693a53c8/marisa_trie-1.4.1-cp313-cp313t-manylinux_2_24_x86_64.manylinux_2_28_x86_64.whl", hash = "sha256:8e759fb722a16b7db6a5fcb2ffe8c2feabf4a6143b487d21388bc5c156a79e90", size = 1545503, upload-time = "2026-04-08T07:17:07.501Z" },
    { url = "https://files.pythonhosted.org/packages/60/42/2d80e091d2b92f7175be488f554565d0e0a432b1d61c4804177e0ec9ecce/marisa_trie-1.4.1-cp313-cp313t-musllinux_1_2_aarch64.whl", hash = "sha256:0666b071851fff8b687bc6c0c899c7ce1cb6119399ed8c3c4f4526aca876a5e2", size = 2447028, upload-time = "2026-04-08T07:17:09.29Z" },
    { url = "https://files.pythonhosted.org/packages/28/8b/f9cb7fab4a0053dd9caed573791ab292f8b890a31bd5f159ef21dbe40e63/marisa_trie-1.4.1-cp313-cp313t-musllinux_1_2_x86_64.whl", hash = "sha256:6e494d5e88da58695fa9e2efc222de808ebd36b306a2c7162256d00fb06e733e", size = 2536022, upload-time = "2026-04-08T07:17:11.222Z" },
    { url = "https://files.pythonhosted.org/packages/64/00/ad53cf35464937b7719ed7a6e21354418f998df9002944cfa5f14903f460/marisa_trie-1.4.1-cp313-cp313t-win32.whl", hash = "sha256:50b2bbfc6612e0b5f7bd399c3097e166e5dab2b79a58e9b956ef9127b90d2d6e", size = 153959, upload-time = "2026-04-08T07:17:12.799Z" },
    { url = "https://files.pythonhosted.org/packages/02/e5/89ae70c984c178a5cf0fa95c8c47aab129b73641ec3729ff56cc5039abc1/marisa_trie-1.4.1-cp313-cp313t-win_amd64.whl", hash = "sha256:932e97f23815c999d8d641f79c934fe1c841eab34bd01051552822e78bba919c", size = 186646, upload-time = "2026-04-08T07:17:13.88Z" },
    { url = "https://files.pythonhosted.org/packages/82/84/514da5bd3ee051e800caf1ce687b7727a92b643416cc678dc47d3eface97/marisa_trie-1.4.1-cp313-cp313t-win_arm64.whl", hash = "sha256:0b2e53f87c01b99c59cda37411a234c704a95d12f4787aeb29572fa9302f2b93", size = 146566, upload-time = "2026-04-08T07:17:15.175Z" },
    { url = "https://files.pythonhosted.org/packages/af/94/83532d3ddb47db51571f6005bf227676abb9f0b490e56faefeaa74303ad1/marisa_trie-1.4.1-cp314-cp314-macosx_10_15_x86_64.whl", hash = "sha256:4d8f3b6f7e93922d1a71c67cf285ddb5f7bc551407db2e12ba76a5f5df326449", size = 207601, upload-time = "2026-04-08T07:17:16.582Z" },
    { url = "https://files.pythonhosted.org/packages/52/0b/2a670dd3c163836e516181469e34d9abdd9fee7e88183bfd66dd3cdc0ecc/marisa_trie-1.4.1-cp314-cp314-macosx_11_0_arm64.whl", hash = "sha256:638fb84afc3219038648ea4814e4923914790d7e4491679ef14023459e4a8148", size = 192341, upload-time = "2026-04-08T07:17:17.773Z" },
    { url = "https://files.pythonhosted.org/packages/33/60/fddeebbc819873e3f23a09d01226e12911ee5d23252473bdf038aaf1c928/marisa_trie-1.4.1-cp314-cp314-manylinux_2_24_aarch64.manylinux_2_28_aarch64.whl", hash = "sha256:f5a6215df91c16ce4e2f674ee92a3352d4a0be30b0635ec60f4c2ef55cc7f0e2", size = 1474315, upload-time = "2026-04-08T07:17:19.117Z" },
    { url = "https://files.pythonhosted.org/packages/66/61/a4f1e474809cbb08df715d63f7680568d457c2b543a53964b969d94be7b0/marisa_trie-1.4.1-cp314-cp314-manylinux_2_24_x86_64.manylinux_2_28_x86_64.whl", hash = "sha256:0b99c8e692cec4e172a8362832d0b1149dc126591e49643dc0c128505ea7a1cd", size = 1491206, upload-time = "2026-04-08T07:17:20.382Z" },
    { url = "https://files.pythonhosted.org/packages/51/34/1fbe625a8644ee49a6829dc2a2a22d6be6ad2d26b8b06ffe22f8aa50b6eb/marisa_trie-1.4.1-cp314-cp314-musllinux_1_2_aarch64.whl", hash = "sha256:880606b64b776c0bbd85f89cbeabf294a33dd3820971618d28bcd12fe4d1406b", size = 2401513, upload-time = "2026-04-08T07:17:21.769Z" },
    { url = "https://files.pythonhosted.org/packages/72/ec/edf909d5770c75aef4c94bae7dbaba56e9877b822ef6fa82b07958dd45bb/marisa_trie-1.4.1-cp314-cp314-musllinux_1_2_x86_64.whl", hash = "sha256:554308b2b5b034a703c64a0c146383d9aec98538a834c4d985114cbaa987a013", size = 2489796, upload-time = "2026-04-08T07:17:23.477Z" },
    { url = "https://files.pythonhosted.org/packages/be/ea/e79d0471e32a0681d6f9f59560f5dd9748202e1b415340cf8bba338fe123/marisa_trie-1.4.1-cp314-cp314-win32.whl", hash = "sha256:c6fbfa7f7c2f59c48be942bba848f2e378c69286abf93ecbe0b068feb1c22fbc", size = 142994, upload-time = "2026-04-08T07:17:24.784Z" },
    { url = "https://files.pythonhosted.org/packages/13/7f/acb58830aed8dac2509a06ef476f6e59767eca09f08e23f3c8eaf7cfc323/marisa_trie-1.4.1-cp314-cp314-win_amd64.whl", hash = "sha256:e2c8bc2e6ede8f0ea697b050017bb65d43542507c71b32af6e6f1e14a613f9cc", size = 173279, upload-time = "2026-04-08T07:17:26.159Z" },
    { url = "https://files.pythonhosted.org/packages/3d/ac/6a9415c619b3b6fc3bc5a2cc93b3e5e8d61804c95604f20379468ee2214a/marisa_trie-1.4.1-cp314-cp314-win_arm64.whl", hash = "sha256:4bc5d9f65d4a126dc14e32656dbc57a817ac619de731c4a64653285bf3b5e2c2", size = 146116, upload-time = "2026-04-08T07:17:27.225Z" },
    { url = "https://files.pythonhosted.org/packages/30/f1/3e9f3be8ccfd97ddde488a4eb9c7b7a603f1f7ee73d13814483146238c16/marisa_trie-1.4.1-cp314-cp314t-macosx_10_15_x86_64.whl", hash = "sha256:faffeed161b22e343915afb2765a1f6d3cf49faa032a0725abbc69a3b22e0fba", size = 214797, upload-time = "2026-04-08T07:17:28.191Z" },
    { url = "https://files.pythonhosted.org/packages/6c/c3/a11da7513a7eb99e9dcbe46eee97e53c9cb66f4ed253caed46f5d2492f0a/marisa_trie-1.4.1-cp314-cp314t-macosx_11_0_arm64.whl", hash = "sha256:1d52339b0e879f60c8d3f52affc4a4f9acf27692c0bde63d1bd0f9f59b55dc8b", size = 203005, upload-time = "2026-04-08T07:17:29.28Z" },
    { url = "https://files.pythonhosted.org/packages/54/a6/ec11c67e5914873aa5e464c0a83f8b31b3bc6961a71d72a8cafe3591dbcb/marisa_trie-1.4.1-cp314-cp314t-manylinux_2_24_aarch64.manylinux_2_28_aarch64.whl", hash = "sha256:05dd3921622063b82d0c7fc51e79ba509d69a5ee72a6a2c24ee68782e5152c46", size = 1543416, upload-time = "2026-04-08T07:17:30.381Z" },
    { url = "https://files.pythonhosted.org/packages/b3/57/14c5a667663797add840a755bef63b82eca1a07e64fc046875e294af5af0/marisa_trie-1.4.1-cp314-cp314t-manylinux_2_24_x86_64.manylinux_2_28_x86_64.whl", hash = "sha256:faa9ec37e2393e86ca3cb2e568447730654dc3292097232cec1c646f257deac5", size = 1544901, upload-time = "2026-04-08T07:17:31.776Z" },
    { url = "https://files.pythonhosted.org/packages/05/d6/b4d74f2575df3be12cbbab084dbf1db70ca6c9934ca3946d79fc45a8e83b/marisa_trie-1.4.1-cp314-cp314t-musllinux_1_2_aarch64.whl", hash = "sha256:fe64ef107dfad7caeb1f3b49be4893572833f6c3b52312c33b40b80aaa3e9fb8", size = 2447903, upload-time = "2026-04-08T07:17:33.497Z" },
    { url = "https://files.pythonhosted.org/packages/ec/27/e923abac9c578dd6b8726e03c433af6847538fb4db252befd68b9f5a0550/marisa_trie-1.4.1-cp314-cp314t-musllinux_1_2_x86_64.whl", hash = "sha256:7f38aad7e083d2dff8916571f31cb46a761b2d424a0b40d35881b8f108646574", size = 2537191, upload-time = "2026-04-08T07:17:35.242Z" },
    { url = "https://files.pythonhosted.org/packages/53/9d/b553a2a3b1809f376a5ecf03b1e3f267e3c95c39fd0448d275b1b5399452/marisa_trie-1.4.1-cp314-cp314t-win32.whl", hash = "sha256:5154262cc60f88950f6390218e2358b4894cfcb5f22d366dfe9f2f5a7baa4b54", size = 160728, upload-time = "2026-04-08T07:17:36.576Z" },
    { url = "https://files.pythonhosted.org/packages/61/32/dcff70d08a146ca94a2934ca9e3ff641bf1f0e5a7785714874ac5f085c57/marisa_trie-1.4.1-cp314-cp314t-win_amd64.whl", hash = "sha256:4d04ddd3b1e909fed542cba20cc0c2ed4534b479ed2e8809a5182417b8165e29", size = 199138, upload-time = "2026-04-08T07:17:37.69Z" },
    { url = "https://files.pythonhosted.org/packages/ba/ab/693f98813cc0484c99da4fe9b73ca65b7dd15ab8eb4f23d9a6a77c8852f9/marisa_trie-1.4.1-cp314-cp314t-win_arm64.whl", hash = "sha256:41b789fca01625288260a1db113dfb958866ae0d02887610950fd8b0c9e5dcfd", size = 151453, upload-time = "2026-04-08T07:17:39.065Z" },
]

[[package]]
name = "numpy"
version = "2.4.4"
source = { registry = "https://pypi.org/simple" }
sdist = { url = "https://files.pythonhosted.org/packages/d7/9f/b8cef5bffa569759033adda9481211426f12f53299629b410340795c2514/numpy-2.4.4.tar.gz", hash = "sha256:2d390634c5182175533585cc89f3608a4682ccb173cc9bb940b2881c8d6f8fa0", size = 20731587, upload-time = "2026-03-29T13:22:01.298Z" }
wheels = [
    { url = "https://files.pythonhosted.org/packages/28/05/32396bec30fb2263770ee910142f49c1476d08e8ad41abf8403806b520ce/numpy-2.4.4-cp312-cp312-macosx_10_13_x86_64.whl", hash = "sha256:15716cfef24d3a9762e3acdf87e27f58dc823d1348f765bbea6bef8c639bfa1b", size = 16689272, upload-time = "2026-03-29T13:18:49.223Z" },
    { url = "https://files.pythonhosted.org/packages/c5/f3/a983d28637bfcd763a9c7aafdb6d5c0ebf3d487d1e1459ffdb57e2f01117/numpy-2.4.4-cp312-cp312-macosx_11_0_arm64.whl", hash = "sha256:23cbfd4c17357c81021f21540da84ee282b9c8fba38a03b7b9d09ba6b951421e", size = 14699573, upload-time = "2026-03-29T13:18:52.629Z" },
    { url = "https://files.pythonhosted.org/packages/9b/fd/e5ecca1e78c05106d98028114f5c00d3eddb41207686b2b7de3e477b0e22/numpy-2.4.4-cp312-cp312-macosx_14_0_arm64.whl", hash = "sha256:8b3b60bb7cba2c8c81837661c488637eee696f59a877788a396d33150c35d842", size = 5204782, upload-time = "2026-03-29T13:18:55.579Z" },
    { url = "https://files.pythonhosted.org/packages/de/2f/702a4594413c1a8632092beae8aba00f1d67947389369b3777aed783fdca/numpy-2.4.4-cp312-cp312-macosx_14_0_x86_64.whl", hash = "sha256:e4a010c27ff6f210ff4c6ef34394cd61470d01014439b192ec22552ee867f2a8", size = 6552038, upload-time = "2026-03-29T13:18:57.769Z" },
    { url = "https://files.pythonhosted.org/packages/7f/37/eed308a8f56cba4d1fdf467a4fc67ef4ff4bf1c888f5fc980481890104b1/numpy-2.4.4-cp312-cp312-manylinux_2_27_aarch64.manylinux_2_28_aarch64.whl", hash = "sha256:f9e75681b59ddaa5e659898085ae0eaea229d054f2ac0c7e563a62205a700121", size = 15670666, upload-time = "2026-03-29T13:19:00.341Z" },
    { url = "https://files.pythonhosted.org/packages/0a/0d/0e3ecece05b7a7e87ab9fb587855548da437a061326fff64a223b6dcb78a/numpy-2.4.4-cp312-cp312-manylinux_2_27_x86_64.manylinux_2_28_x86_64.whl", hash = "sha256:81f4a14bee47aec54f883e0cad2d73986640c1590eb9bfaaba7ad17394481e6e", size = 16645480, upload-time = "2026-03-29T13:19:03.63Z" },
    { url = "https://files.pythonhosted.org/packages/34/49/f2312c154b82a286758ee2f1743336d50651f8b5195db18cdb63675ff649/numpy-2.4.4-cp312-cp312-musllinux_1_2_aarch64.whl", hash = "sha256:62d6b0f03b694173f9fcb1fb317f7222fd0b0b103e784c6549f5e53a27718c44", size = 17020036, upload-time = "2026-03-29T13:19:07.428Z" },
    { url = "https://files.pythonhosted.org/packages/7b/e9/736d17bd77f1b0ec4f9901aaec129c00d59f5d84d5e79bba540ef12c2330/numpy-2.4.4-cp312-cp312-musllinux_1_2_x86_64.whl", hash = "sha256:fbc356aae7adf9e6336d336b9c8111d390a05df88f1805573ebb0807bd06fd1d", size = 18368643, upload-time = "2026-03-29T13:19:10.775Z" },
    { url = "https://files.pythonhosted.org/packages/63/f6/d417977c5f519b17c8a5c3bc9e8304b0908b0e21136fe43bf628a1343914/numpy-2.4.4-cp312-cp312-win32.whl", hash = "sha256:0d35aea54ad1d420c812bfa0385c71cd7cc5bcf7c65fed95fc2cd02fe8c79827", size = 5961117, upload-time = "2026-03-29T13:19:13.464Z" },
    { url = "https://files.pythonhosted.org/packages/2d/5b/e1deebf88ff431b01b7406ca3583ab2bbb90972bbe1c568732e49c844f7e/numpy-2.4.4-cp312-cp312-win_amd64.whl", hash = "sha256:b5f0362dc928a6ecd9db58868fca5e48485205e3855957bdedea308f8672ea4a", size = 12320584, upload-time = "2026-03-29T13:19:16.155Z" },
    { url = "https://files.pythonhosted.org/packages/58/89/e4e856ac82a68c3ed64486a544977d0e7bdd18b8da75b78a577ca31c4395/numpy-2.4.4-cp312-cp312-win_arm64.whl", hash = "sha256:846300f379b5b12cc769334464656bc882e0735d27d9726568bc932fdc49d5ec", size = 10221450, upload-time = "2026-03-29T13:19:18.994Z" },
    { url = "https://files.pythonhosted.org/packages/14/1d/d0a583ce4fefcc3308806a749a536c201ed6b5ad6e1322e227ee4848979d/numpy-2.4.4-cp313-cp313-macosx_10_13_x86_64.whl", hash = "sha256:08f2e31ed5e6f04b118e49821397f12767934cfdd12a1ce86a058f91e004ee50", size = 16684933, upload-time = "2026-03-29T13:19:22.47Z" },
    { url = "https://files.pythonhosted.org/packages/c1/62/2b7a48fbb745d344742c0277f01286dead15f3f68e4f359fbfcf7b48f70f/numpy-2.4.4-cp313-cp313-macosx_11_0_arm64.whl", hash = "sha256:e823b8b6edc81e747526f70f71a9c0a07ac4e7ad13020aa736bb7c9d67196115", size = 14694532, upload-time = "2026-03-29T13:19:25.581Z" },
    { url = "https://files.pythonhosted.org/packages/e5/87/499737bfba066b4a3bebff24a8f1c5b2dee410b209bc6668c9be692580f0/numpy-2.4.4-cp313-cp313-macosx_14_0_arm64.whl", hash = "sha256:4a19d9dba1a76618dd86b164d608566f393f8ec6ac7c44f0cc879011c45e65af", size = 5199661, upload-time = "2026-03-29T13:19:28.31Z" },
    { url = "https://files.pythonhosted.org/packages/cd/da/464d551604320d1491bc345efed99b4b7034143a85787aab78d5691d5a0e/numpy-2.4.4-cp313-cp313-macosx_14_0_x86_64.whl", hash = "sha256:d2a8490669bfe99a233298348acc2d824d496dee0e66e31b66a6022c2ad74a5c", size = 6547539, upload-time = "2026-03-29T13:19:30.97Z" },
    { url = "https://files.pythonhosted.org/packages/7d/90/8d23e3b0dafd024bf31bdec225b3bb5c2dbfa6912f8a53b8659f21216cbf/numpy-2.4.4-cp313-cp313-manylinux_2_27_aarch64.manylinux_2_28_aarch64.whl", hash = "sha256:45dbed2ab436a9e826e302fcdcbe9133f9b0006e5af7168afb8963a6520da103", size = 15668806, upload-time = "2026-03-29T13:19:33.887Z" },
    { url = "https://files.pythonhosted.org/packages/d1/73/a9d864e42a01896bb5974475438f16086be9ba1f0d19d0bb7a07427c4a8b/numpy-2.4.4-cp313-cp313-manylinux_2_27_x86_64.manylinux_2_28_x86_64.whl", hash = "sha256:c901b15172510173f5cb310eae652908340f8dede90fff9e3bf6c0d8dfd92f83", size = 16632682, upload-time = "2026-03-29T13:19:37.336Z" },
    { url = "https://files.pythonhosted.org/packages/34/fb/14570d65c3bde4e202a031210475ae9cde9b7686a2e7dc97ee67d2833b35/numpy-2.4.4-cp313-cp313-musllinux_1_2_aarch64.whl", hash = "sha256:99d838547ace2c4aace6c4f76e879ddfe02bb58a80c1549928477862b7a6d6ed", size = 17019810, upload-time = "2026-03-29T13:19:40.963Z" },
    { url = "https://files.pythonhosted.org/packages/8a/77/2ba9d87081fd41f6d640c83f26fb7351e536b7ce6dd9061b6af5904e8e46/numpy-2.4.4-cp313-cp313-musllinux_1_2_x86_64.whl", hash = "sha256:0aec54fd785890ecca25a6003fd9a5aed47ad607bbac5cd64f836ad8666f4959", size = 18357394, upload-time = "2026-03-29T13:19:44.859Z" },
    { url = "https://files.pythonhosted.org/packages/a2/23/52666c9a41708b0853fa3b1a12c90da38c507a3074883823126d4e9d5b30/numpy-2.4.4-cp313-cp313-win32.whl", hash = "sha256:07077278157d02f65c43b1b26a3886bce886f95d20aabd11f87932750dfb14ed", size = 5959556, upload-time = "2026-03-29T13:19:47.661Z" },
    { url = "https://files.pythonhosted.org/packages/57/fb/48649b4971cde70d817cf97a2a2fdc0b4d8308569f1dd2f2611959d2e0cf/numpy-2.4.4-cp313-cp313-win_amd64.whl", hash = "sha256:5c70f1cc1c4efbe316a572e2d8b9b9cc44e89b95f79ca3331553fbb63716e2bf", size = 12317311, upload-time = "2026-03-29T13:19:50.67Z" },
    { url = "https://files.pythonhosted.org/packages/ba/d8/11490cddd564eb4de97b4579ef6bfe6a736cc07e94c1598590ae25415e01/numpy-2.4.4-cp313-cp313-win_arm64.whl", hash = "sha256:ef4059d6e5152fa1a39f888e344c73fdc926e1b2dd58c771d67b0acfbf2aa67d", size = 10222060, upload-time = "2026-03-29T13:19:54.229Z" },
    { url = "https://files.pythonhosted.org/packages/99/5d/dab4339177a905aad3e2221c915b35202f1ec30d750dd2e5e9d9a72b804b/numpy-2.4.4-cp313-cp313t-macosx_11_0_arm64.whl", hash = "sha256:4bbc7f303d125971f60ec0aaad5e12c62d0d2c925f0ab1273debd0e4ba37aba5", size = 14822302, upload-time = "2026-03-29T13:19:57.585Z" },
    { url = "https://files.pythonhosted.org/packages/eb/e4/0564a65e7d3d97562ed6f9b0fd0fb0a6f559ee444092f105938b50043876/numpy-2.4.4-cp313-cp313t-macosx_14_0_arm64.whl", hash = "sha256:4d6d57903571f86180eb98f8f0c839fa9ebbfb031356d87f1361be91e433f5b7", size = 5327407, upload-time = "2026-03-29T13:20:00.601Z" },
    { url = "https://files.pythonhosted.org/packages/29/8d/35a3a6ce5ad371afa58b4700f1c820f8f279948cca32524e0a695b0ded83/numpy-2.4.4-cp313-cp313t-macosx_14_0_x86_64.whl", hash = "sha256:4636de7fd195197b7535f231b5de9e4b36d2c440b6e566d2e4e4746e6af0ca93", size = 6647631, upload-time = "2026-03-29T13:20:02.855Z" },
    { url = "https://files.pythonhosted.org/packages/f4/da/477731acbd5a58a946c736edfdabb2ac5b34c3d08d1ba1a7b437fa0884df/numpy-2.4.4-cp313-cp313t-manylinux_2_27_aarch64.manylinux_2_28_aarch64.whl", hash = "sha256:ad2e2ef14e0b04e544ea2fa0a36463f847f113d314aa02e5b402fdf910ef309e", size = 15727691, upload-time = "2026-03-29T13:20:06.004Z" },
    { url = "https://files.pythonhosted.org/packages/e6/db/338535d9b152beabeb511579598418ba0212ce77cf9718edd70262cc4370/numpy-2.4.4-cp313-cp313t-manylinux_2_27_x86_64.manylinux_2_28_x86_64.whl", hash = "sha256:5a285b3b96f951841799528cd1f4f01cd70e7e0204b4abebac9463eecfcf2a40", size = 16681241, upload-time = "2026-03-29T13:20:09.417Z" },
    { url = "https://files.pythonhosted.org/packages/e2/a9/ad248e8f58beb7a0219b413c9c7d8151c5d285f7f946c3e26695bdbbe2df/numpy-2.4.4-cp313-cp313t-musllinux_1_2_aarch64.whl", hash = "sha256:f8474c4241bc18b750be2abea9d7a9ec84f46ef861dbacf86a4f6e043401f79e", size = 17085767, upload-time = "2026-03-29T13:20:13.126Z" },
    { url = "https://files.pythonhosted.org/packages/b5/1a/3b88ccd3694681356f70da841630e4725a7264d6a885c8d442a697e1146b/numpy-2.4.4-cp313-cp313t-musllinux_1_2_x86_64.whl", hash = "sha256:4e874c976154687c1f71715b034739b45c7711bec81db01914770373d125e392", size = 18403169, upload-time = "2026-03-29T13:20:17.096Z" },
    { url = "https://files.pythonhosted.org/packages/c2/c9/fcfd5d0639222c6eac7f304829b04892ef51c96a75d479214d77e3ce6e33/numpy-2.4.4-cp313-cp313t-win32.whl", hash = "sha256:9c585a1790d5436a5374bac930dad6ed244c046ed91b2b2a3634eb2971d21008", size = 6083477, upload-time = "2026-03-29T13:20:20.195Z" },
    { url = "https://files.pythonhosted.org/packages/d5/e3/3938a61d1c538aaec8ed6fd6323f57b0c2d2d2219512434c5c878db76553/numpy-2.4.4-cp313-cp313t-win_amd64.whl", hash = "sha256:93e15038125dc1e5345d9b5b68aa7f996ec33b98118d18c6ca0d0b7d6198b7e8", size = 12457487, upload-time = "2026-03-29T13:20:22.946Z" },
    { url = "https://files.pythonhosted.org/packages/97/6a/7e345032cc60501721ef94e0e30b60f6b0bd601f9174ebd36389a2b86d40/numpy-2.4.4-cp313-cp313t-win_arm64.whl", hash = "sha256:0dfd3f9d3adbe2920b68b5cd3d51444e13a10792ec7154cd0a2f6e74d4ab3233", size = 10292002, upload-time = "2026-03-29T13:20:25.909Z" },
    { url = "https://files.pythonhosted.org/packages/6e/06/c54062f85f673dd5c04cbe2f14c3acb8c8b95e3384869bb8cc9bff8cb9df/numpy-2.4.4-cp314-cp314-macosx_10_15_x86_64.whl", hash = "sha256:f169b9a863d34f5d11b8698ead99febeaa17a13ca044961aa8e2662a6c7766a0", size = 16684353, upload-time = "2026-03-29T13:20:29.504Z" },
    { url = "https://files.pythonhosted.org/packages/4c/39/8a320264a84404c74cc7e79715de85d6130fa07a0898f67fb5cd5bd79908/numpy-2.4.4-cp314-cp314-macosx_11_0_arm64.whl", hash = "sha256:2483e4584a1cb3092da4470b38866634bafb223cbcd551ee047633fd2584599a", size = 14704914, upload-time = "2026-03-29T13:20:33.547Z" },
    { url = "https://files.pythonhosted.org/packages/91/fb/287076b2614e1d1044235f50f03748f31fa287e3dbe6abeb35cdfa351eca/numpy-2.4.4-cp314-cp314-macosx_14_0_arm64.whl", hash = "sha256:2d19e6e2095506d1736b7d80595e0f252d76b89f5e715c35e06e937679ea7d7a", size = 5210005, upload-time = "2026-03-29T13:20:36.45Z" },
    { url = "https://files.pythonhosted.org/packages/63/eb/fcc338595309910de6ecabfcef2419a9ce24399680bfb149421fa2df1280/numpy-2.4.4-cp314-cp314-macosx_14_0_x86_64.whl", hash = "sha256:6a246d5914aa1c820c9443ddcee9c02bec3e203b0c080349533fae17727dfd1b", size = 6544974, upload-time = "2026-03-29T13:20:39.014Z" },
    { url = "https://files.pythonhosted.org/packages/44/5d/e7e9044032a716cdfaa3fba27a8e874bf1c5f1912a1ddd4ed071bf8a14a6/numpy-2.4.4-cp314-cp314-manylinux_2_27_aarch64.manylinux_2_28_aarch64.whl", hash = "sha256:989824e9faf85f96ec9c7761cd8d29c531ad857bfa1daa930cba85baaecf1a9a", size = 15684591, upload-time = "2026-03-29T13:20:42.146Z" },
    { url = "https://files.pythonhosted.org/packages/98/7c/21252050676612625449b4807d6b695b9ce8a7c9e1c197ee6216c8a65c7c/numpy-2.4.4-cp314-cp314-manylinux_2_27_x86_64.manylinux_2_28_x86_64.whl", hash = "sha256:27a8d92cd10f1382a67d7cf4db7ce18341b66438bdd9f691d7b0e48d104c2a9d", size = 16637700, upload-time = "2026-03-29T13:20:46.204Z" },
    { url = "https://files.pythonhosted.org/packages/b1/29/56d2bbef9465db24ef25393383d761a1af4f446a1df9b8cded4fe3a5a5d7/numpy-2.4.4-cp314-cp314-musllinux_1_2_aarch64.whl", hash = "sha256:e44319a2953c738205bf3354537979eaa3998ed673395b964c1176083dd46252", size = 17035781, upload-time = "2026-03-29T13:20:50.242Z" },
    { url = "https://files.pythonhosted.org/packages/e3/2b/a35a6d7589d21f44cea7d0a98de5ddcbb3d421b2622a5c96b1edf18707c3/numpy-2.4.4-cp314-cp314-musllinux_1_2_x86_64.whl", hash = "sha256:e892aff75639bbef0d2a2cfd55535510df26ff92f63c92cd84ef8d4ba5a5557f", size = 18362959, upload-time = "2026-03-29T13:20:54.019Z" },
    { url = "https://files.pythonhosted.org/packages/64/c9/d52ec581f2390e0f5f85cbfd80fb83d965fc15e9f0e1aec2195faa142cde/numpy-2.4.4-cp314-cp314-win32.whl", hash = "sha256:1378871da56ca8943c2ba674530924bb8ca40cd228358a3b5f302ad60cf875fc", size = 6008768, upload-time = "2026-03-29T13:20:56.912Z" },
    { url = "https://files.pythonhosted.org/packages/fa/22/4cc31a62a6c7b74a8730e31a4274c5dc80e005751e277a2ce38e675e4923/numpy-2.4.4-cp314-cp314-win_amd64.whl", hash = "sha256:715d1c092715954784bc79e1174fc2a90093dc4dc84ea15eb14dad8abdcdeb74", size = 12449181, upload-time = "2026-03-29T13:20:59.548Z" },
    { url = "https://files.pythonhosted.org/packages/70/2e/14cda6f4d8e396c612d1bf97f22958e92148801d7e4f110cabebdc0eef4b/numpy-2.4.4-cp314-cp314-win_arm64.whl", hash = "sha256:2c194dd721e54ecad9ad387c1d35e63dce5c4450c6dc7dd5611283dda239aabb", size = 10496035, upload-time = "2026-03-29T13:21:02.524Z" },
    { url = "https://files.pythonhosted.org/packages/b1/e8/8fed8c8d848d7ecea092dc3469643f9d10bc3a134a815a3b033da1d2039b/numpy-2.4.4-cp314-cp314t-macosx_11_0_arm64.whl", hash = "sha256:2aa0613a5177c264ff5921051a5719d20095ea586ca88cc802c5c218d1c67d3e", size = 14824958, upload-time = "2026-03-29T13:21:05.671Z" },
    { url = "https://files.pythonhosted.org/packages/05/1a/d8007a5138c179c2bf33ef44503e83d70434d2642877ee8fbb230e7c0548/numpy-2.4.4-cp314-cp314t-macosx_14_0_arm64.whl", hash = "sha256:42c16925aa5a02362f986765f9ebabf20de75cdefdca827d14315c568dcab113", size = 5330020, upload-time = "2026-03-29T13:21:08.635Z" },
    { url = "https://files.pythonhosted.org/packages/99/64/ffb99ac6ae93faf117bcbd5c7ba48a7f45364a33e8e458545d3633615dda/numpy-2.4.4-cp314-cp314t-macosx_14_0_x86_64.whl", hash = "sha256:874f200b2a981c647340f841730fc3a2b54c9d940566a3c4149099591e2c4c3d", size = 6650758, upload-time = "2026-03-29T13:21:10.949Z" },
    { url = "https://files.pythonhosted.org/packages/6e/6e/795cc078b78a384052e73b2f6281ff7a700e9bf53bcce2ee579d4f6dd879/numpy-2.4.4-cp314-cp314t-manylinux_2_27_aarch64.manylinux_2_28_aarch64.whl", hash = "sha256:c9b39d38a9bd2ae1becd7eac1303d031c5c110ad31f2b319c6e7d98b135c934d", size = 15729948, upload-time = "2026-03-29T13:21:14.047Z" },
    { url = "https://files.pythonhosted.org/packages/5f/86/2acbda8cc2af5f3d7bfc791192863b9e3e19674da7b5e533fded124d1299/numpy-2.4.4-cp314-cp314t-manylinux_2_27_x86_64.manylinux_2_28_x86_64.whl", hash = "sha256:b268594bccac7d7cf5844c7732e3f20c50921d94e36d7ec9b79e9857694b1b2f", size = 16679325, upload-time = "2026-03-29T13:21:17.561Z" },
    { url = "https://files.pythonhosted.org/packages/bc/59/cafd83018f4aa55e0ac6fa92aa066c0a1877b77a615ceff1711c260ffae8/numpy-2.4.4-cp314-cp314t-musllinux_1_2_aarch64.whl", hash = "sha256:ac6b31e35612a26483e20750126d30d0941f949426974cace8e6b5c58a3657b0", size = 17084883, upload-time = "2026-03-29T13:21:21.106Z" },
    { url = "https://files.pythonhosted.org/packages/f0/85/a42548db84e65ece46ab2caea3d3f78b416a47af387fcbb47ec28e660dc2/numpy-2.4.4-cp314-cp314t-musllinux_1_2_x86_64.whl", hash = "sha256:8e3ed142f2728df44263aaf5fb1f5b0b99f4070c553a0d7f033be65338329150", size = 18403474, upload-time = "2026-03-29T13:21:24.828Z" },
    { url = "https://files.pythonhosted.org/packages/ed/ad/483d9e262f4b831000062e5d8a45e342166ec8aaa1195264982bca267e62/numpy-2.4.4-cp314-cp314t-win32.whl", hash = "sha256:dddbbd259598d7240b18c9d87c56a9d2fb3b02fe266f49a7c101532e78c1d871", size = 6155500, upload-time = "2026-03-29T13:21:28.205Z" },
    { url = "https://files.pythonhosted.org/packages/c7/03/2fc4e14c7bd4ff2964b74ba90ecb8552540b6315f201df70f137faa5c589/numpy-2.4.4-cp314-cp314t-win_amd64.whl", hash = "sha256:a7164afb23be6e37ad90b2f10426149fd75aee07ca55653d2aa41e66c4ef697e", size = 12637755, upload-time = "2026-03-29T13:21:31.107Z" },
    { url = "https://files.pythonhosted.org/packages/58/78/548fb8e07b1a341746bfbecb32f2c268470f45fa028aacdbd10d9bc73aab/numpy-2.4.4-cp314-cp314t-win_arm64.whl", hash = "sha256:ba203255017337d39f89bdd58417f03c4426f12beed0440cfd933cb15f8669c7", size = 10566643, upload-time = "2026-03-29T13:21:34.339Z" },
]

[[package]]
name = "pandas"
version = "3.0.2"
source = { registry = "https://pypi.org/simple" }
dependencies = [
    { name = "numpy" },
    { name = "python-dateutil" },
    { name = "tzdata", marker = "sys_platform == 'emscripten' or sys_platform == 'win32'" },
]
sdist = { url = "https://files.pythonhosted.org/packages/da/99/b342345300f13440fe9fe385c3c481e2d9a595ee3bab4d3219247ac94e9a/pandas-3.0.2.tar.gz", hash = "sha256:f4753e73e34c8d83221ba58f232433fca2748be8b18dbca02d242ed153945043", size = 4645855, upload-time = "2026-03-31T06:48:30.816Z" }
wheels = [
    { url = "https://files.pythonhosted.org/packages/f3/b0/c20bd4d6d3f736e6bd6b55794e9cd0a617b858eaad27c8f410ea05d953b7/pandas-3.0.2-cp312-cp312-macosx_10_13_x86_64.whl", hash = "sha256:232a70ebb568c0c4d2db4584f338c1577d81e3af63292208d615907b698a0f18", size = 10347921, upload-time = "2026-03-31T06:46:33.36Z" },
    { url = "https://files.pythonhosted.org/packages/35/d0/4831af68ce30cc2d03c697bea8450e3225a835ef497d0d70f31b8cdde965/pandas-3.0.2-cp312-cp312-macosx_11_0_arm64.whl", hash = "sha256:970762605cff1ca0d3f71ed4f3a769ea8f85fc8e6348f6e110b8fea7e6eb5a14", size = 9888127, upload-time = "2026-03-31T06:46:36.253Z" },
    { url = "https://files.pythonhosted.org/packages/61/a9/16ea9346e1fc4a96e2896242d9bc674764fb9049b0044c0132502f7a771e/pandas-3.0.2-cp312-cp312-manylinux_2_24_aarch64.manylinux_2_28_aarch64.whl", hash = "sha256:aff4e6f4d722e0652707d7bcb190c445fe58428500c6d16005b02401764b1b3d", size = 10399577, upload-time = "2026-03-31T06:46:39.224Z" },
    { url = "https://files.pythonhosted.org/packages/c4/a8/3a61a721472959ab0ce865ef05d10b0d6bfe27ce8801c99f33d4fa996e65/pandas-3.0.2-cp312-cp312-manylinux_2_24_x86_64.manylinux_2_28_x86_64.whl", hash = "sha256:ef8b27695c3d3dc78403c9a7d5e59a62d5464a7e1123b4e0042763f7104dc74f", size = 10880030, upload-time = "2026-03-31T06:46:42.412Z" },
    { url = "https://files.pythonhosted.org/packages/da/65/7225c0ea4d6ce9cb2160a7fb7f39804871049f016e74782e5dade4d14109/pandas-3.0.2-cp312-cp312-musllinux_1_2_aarch64.whl", hash = "sha256:f8d68083e49e16b84734eb1a4dcae4259a75c90fb6e2251ab9a00b61120c06ab", size = 11409468, upload-time = "2026-03-31T06:46:45.2Z" },
    { url = "https://files.pythonhosted.org/packages/fa/5b/46e7c76032639f2132359b5cf4c785dd8cf9aea5ea64699eac752f02b9db/pandas-3.0.2-cp312-cp312-musllinux_1_2_x86_64.whl", hash = "sha256:32cc41f310ebd4a296d93515fcac312216adfedb1894e879303987b8f1e2b97d", size = 11936381, upload-time = "2026-03-31T06:46:48.293Z" },
    { url = "https://files.pythonhosted.org/packages/7b/8b/721a9cff6fa6a91b162eb51019c6243b82b3226c71bb6c8ef4a9bd65cbc6/pandas-3.0.2-cp312-cp312-win_amd64.whl", hash = "sha256:a4785e1d6547d8427c5208b748ae2efb64659a21bd82bf440d4262d02bfa02a4", size = 9744993, upload-time = "2026-03-31T06:46:51.488Z" },
    { url = "https://files.pythonhosted.org/packages/d5/18/7f0bd34ae27b28159aa80f2a6799f47fda34f7fb938a76e20c7b7fe3b200/pandas-3.0.2-cp312-cp312-win_arm64.whl", hash = "sha256:08504503f7101300107ecdc8df73658e4347586db5cfdadabc1592e9d7e7a0fd", size = 9056118, upload-time = "2026-03-31T06:46:54.548Z" },
    { url = "https://files.pythonhosted.org/packages/bf/ca/3e639a1ea6fcd0617ca4e8ca45f62a74de33a56ae6cd552735470b22c8d3/pandas-3.0.2-cp313-cp313-macosx_10_13_x86_64.whl", hash = "sha256:b5918ba197c951dec132b0c5929a00c0bf05d5942f590d3c10a807f6e15a57d3", size = 10321105, upload-time = "2026-03-31T06:46:57.327Z" },
    { url = "https://files.pythonhosted.org/packages/0b/77/dbc82ff2fb0e63c6564356682bf201edff0ba16c98630d21a1fb312a8182/pandas-3.0.2-cp313-cp313-macosx_11_0_arm64.whl", hash = "sha256:d606a041c89c0a474a4702d532ab7e73a14fe35c8d427b972a625c8e46373668", size = 9864088, upload-time = "2026-03-31T06:46:59.935Z" },
    { url = "https://files.pythonhosted.org/packages/5c/2b/341f1b04bbca2e17e13cd3f08c215b70ef2c60c5356ef1e8c6857449edc7/pandas-3.0.2-cp313-cp313-manylinux_2_24_aarch64.manylinux_2_28_aarch64.whl", hash = "sha256:710246ba0616e86891b58ab95f2495143bb2bc83ab6b06747c74216f583a6ac9", size = 10369066, upload-time = "2026-03-31T06:47:02.792Z" },
    { url = "https://files.pythonhosted.org/packages/12/c5/cbb1ffefb20a93d3f0e1fdcda699fb84976210d411b008f97f48bf6ce27e/pandas-3.0.2-cp313-cp313-manylinux_2_24_x86_64.manylinux_2_28_x86_64.whl", hash = "sha256:5d3cfe227c725b1f3dff4278b43d8c784656a42a9325b63af6b1492a8232209e", size = 10876780, upload-time = "2026-03-31T06:47:06.205Z" },
    { url = "https://files.pythonhosted.org/packages/98/fe/2249ae5e0a69bd0ddf17353d0a5d26611d70970111f5b3600cdc8be883e7/pandas-3.0.2-cp313-cp313-musllinux_1_2_aarch64.whl", hash = "sha256:c3b723df9087a9a9a840e263ebd9f88b64a12075d1bf2ea401a5a42f254f084d", size = 11375181, upload-time = "2026-03-31T06:47:09.383Z" },
    { url = "https://files.pythonhosted.org/packages/de/64/77a38b09e70b6464883b8d7584ab543e748e42c1b5d337a2ee088e0df741/pandas-3.0.2-cp313-cp313-musllinux_1_2_x86_64.whl", hash = "sha256:a3096110bf9eac0070b7208465f2740e2d8a670d5cb6530b5bb884eca495fd39", size = 11928899, upload-time = "2026-03-31T06:47:12.686Z" },
    { url = "https://files.pythonhosted.org/packages/5e/52/42855bf626868413f761addd574acc6195880ae247a5346477a4361c3acb/pandas-3.0.2-cp313-cp313-win_amd64.whl", hash = "sha256:07a10f5c36512eead51bc578eb3354ad17578b22c013d89a796ab5eee90cd991", size = 9746574, upload-time = "2026-03-31T06:47:15.64Z" },
    { url = "https://files.pythonhosted.org/packages/88/39/21304ae06a25e8bf9fc820d69b29b2c495b2ae580d1e143146c309941760/pandas-3.0.2-cp313-cp313-win_arm64.whl", hash = "sha256:5fdbfa05931071aba28b408e59226186b01eb5e92bea2ab78b65863ca3228d84", size = 9047156, upload-time = "2026-03-31T06:47:18.595Z" },
    { url = "https://files.pythonhosted.org/packages/72/20/7defa8b27d4f330a903bb68eea33be07d839c5ea6bdda54174efcec0e1d2/pandas-3.0.2-cp313-cp313t-macosx_10_13_x86_64.whl", hash = "sha256:dbc20dea3b9e27d0e66d74c42b2d0c1bed9c2ffe92adea33633e3bedeb5ac235", size = 10756238, upload-time = "2026-03-31T06:47:22.012Z" },
    { url = "https://files.pythonhosted.org/packages/e9/95/49433c14862c636afc0e9b2db83ff16b3ad92959364e52b2955e44c8e94c/pandas-3.0.2-cp313-cp313t-macosx_11_0_arm64.whl", hash = "sha256:b75c347eff42497452116ce05ef461822d97ce5b9ff8df6edacb8076092c855d", size = 10408520, upload-time = "2026-03-31T06:47:25.197Z" },
    { url = "https://files.pythonhosted.org/packages/3b/f8/462ad2b5881d6b8ec8e5f7ed2ea1893faa02290d13870a1600fe72ad8efc/pandas-3.0.2-cp313-cp313t-manylinux_2_24_aarch64.manylinux_2_28_aarch64.whl", hash = "sha256:d1478075142e83a5571782ad007fb201ed074bdeac7ebcc8890c71442e96adf7", size = 10324154, upload-time = "2026-03-31T06:47:28.097Z" },
    { url = "https://files.pythonhosted.org/packages/0a/65/d1e69b649cbcddda23ad6e4c40ef935340f6f652a006e5cbc3555ac8adb3/pandas-3.0.2-cp313-cp313t-manylinux_2_24_x86_64.manylinux_2_28_x86_64.whl", hash = "sha256:5880314e69e763d4c8b27937090de570f1fb8d027059a7ada3f7f8e98bdcb677", size = 10714449, upload-time = "2026-03-31T06:47:30.85Z" },
    { url = "https://files.pythonhosted.org/packages/47/a4/85b59bc65b8190ea3689882db6cdf32a5003c0ccd5a586c30fdcc3ffc4fc/pandas-3.0.2-cp313-cp313t-musllinux_1_2_aarch64.whl", hash = "sha256:b5329e26898896f06035241a626d7c335daa479b9bbc82be7c2742d048e41172", size = 11338475, upload-time = "2026-03-31T06:47:34.026Z" },
    { url = "https://files.pythonhosted.org/packages/1e/c4/bc6966c6e38e5d9478b935272d124d80a589511ed1612a5d21d36f664c68/pandas-3.0.2-cp313-cp313t-musllinux_1_2_x86_64.whl", hash = "sha256:81526c4afd31971f8b62671442a4b2b51e0aa9acc3819c9f0f12a28b6fcf85f1", size = 11786568, upload-time = "2026-03-31T06:47:36.941Z" },
    { url = "https://files.pythonhosted.org/packages/e8/74/09298ca9740beed1d3504e073d67e128aa07e5ca5ca2824b0c674c0b8676/pandas-3.0.2-cp313-cp313t-win_amd64.whl", hash = "sha256:7cadd7e9a44ec13b621aec60f9150e744cfc7a3dd32924a7e2f45edff31823b0", size = 10488652, upload-time = "2026-03-31T06:47:40.612Z" },
    { url = "https://files.pythonhosted.org/packages/bb/40/c6ea527147c73b24fc15c891c3fcffe9c019793119c5742b8784a062c7db/pandas-3.0.2-cp314-cp314-macosx_10_15_x86_64.whl", hash = "sha256:db0dbfd2a6cdf3770aa60464d50333d8f3d9165b2f2671bcc299b72de5a6677b", size = 10326084, upload-time = "2026-03-31T06:47:43.834Z" },
    { url = "https://files.pythonhosted.org/packages/95/25/bdb9326c3b5455f8d4d3549fce7abcf967259de146fe2cf7a82368141948/pandas-3.0.2-cp314-cp314-macosx_11_0_arm64.whl", hash = "sha256:0555c5882688a39317179ab4a0ed41d3ebc8812ab14c69364bbee8fb7a3f6288", size = 9914146, upload-time = "2026-03-31T06:47:46.67Z" },
    { url = "https://files.pythonhosted.org/packages/8d/77/3a227ff3337aa376c60d288e1d61c5d097131d0ac71f954d90a8f369e422/pandas-3.0.2-cp314-cp314-manylinux_2_24_aarch64.manylinux_2_28_aarch64.whl", hash = "sha256:01f31a546acd5574ef77fe199bc90b55527c225c20ccda6601cf6b0fd5ed597c", size = 10444081, upload-time = "2026-03-31T06:47:49.681Z" },
    { url = "https://files.pythonhosted.org/packages/15/88/3cdd54fa279341afa10acf8d2b503556b1375245dccc9315659f795dd2e9/pandas-3.0.2-cp314-cp314-manylinux_2_24_x86_64.manylinux_2_28_x86_64.whl", hash = "sha256:deeca1b5a931fdf0c2212c8a659ade6d3b1edc21f0914ce71ef24456ca7a6535", size = 10897535, upload-time = "2026-03-31T06:47:53.033Z" },
    { url = "https://files.pythonhosted.org/packages/06/9d/98cc7a7624f7932e40f434299260e2917b090a579d75937cb8a57b9d2de3/pandas-3.0.2-cp314-cp314-musllinux_1_2_aarch64.whl", hash = "sha256:0f48afd9bb13300ffb5a3316973324c787054ba6665cda0da3fbd67f451995db", size = 11446992, upload-time = "2026-03-31T06:47:56.193Z" },
    { url = "https://files.pythonhosted.org/packages/9a/cd/19ff605cc3760e80602e6826ddef2824d8e7050ed80f2e11c4b079741dc3/pandas-3.0.2-cp314-cp314-musllinux_1_2_x86_64.whl", hash = "sha256:6c4d8458b97a35717b62469a4ea0e85abd5ed8687277f5ccfc67f8a5126f8c53", size = 11968257, upload-time = "2026-03-31T06:47:59.137Z" },
    { url = "https://files.pythonhosted.org/packages/db/60/aba6a38de456e7341285102bede27514795c1eaa353bc0e7638b6b785356/pandas-3.0.2-cp314-cp314-win_amd64.whl", hash = "sha256:b35d14bb5d8285d9494fe93815a9e9307c0876e10f1e8e89ac5b88f728ec8dcf", size = 9865893, upload-time = "2026-03-31T06:48:02.038Z" },
    { url = "https://files.pythonhosted.org/packages/08/71/e5ec979dd2e8a093dacb8864598c0ff59a0cee0bbcdc0bfec16a51684d4f/pandas-3.0.2-cp314-cp314-win_arm64.whl", hash = "sha256:63d141b56ef686f7f0d714cfb8de4e320475b86bf4b620aa0b7da89af8cbdbbb", size = 9188644, upload-time = "2026-03-31T06:48:05.045Z" },
    { url = "https://files.pythonhosted.org/packages/f1/6c/7b45d85db19cae1eb524f2418ceaa9d85965dcf7b764ed151386b7c540f0/pandas-3.0.2-cp314-cp314t-macosx_10_15_x86_64.whl", hash = "sha256:140f0cffb1fa2524e874dde5b477d9defe10780d8e9e220d259b2c0874c89d9d", size = 10776246, upload-time = "2026-03-31T06:48:07.789Z" },
    { url = "https://files.pythonhosted.org/packages/a8/3e/7b00648b086c106e81766f25322b48aa8dfa95b55e621dbdf2fdd413a117/pandas-3.0.2-cp314-cp314t-macosx_11_0_arm64.whl", hash = "sha256:ae37e833ff4fed0ba352f6bdd8b73ba3ab3256a85e54edfd1ab51ae40cca0af8", size = 10424801, upload-time = "2026-03-31T06:48:10.897Z" },
    { url = "https://files.pythonhosted.org/packages/da/6e/558dd09a71b53b4008e7fc8a98ec6d447e9bfb63cdaeea10e5eb9b2dabe8/pandas-3.0.2-cp314-cp314t-manylinux_2_24_aarch64.manylinux_2_28_aarch64.whl", hash = "sha256:4d888a5c678a419a5bb41a2a93818e8ed9fd3172246555c0b37b7cc27027effd", size = 10345643, upload-time = "2026-03-31T06:48:13.7Z" },
    { url = "https://files.pythonhosted.org/packages/be/e3/921c93b4d9a280409451dc8d07b062b503bbec0531d2627e73a756e99a82/pandas-3.0.2-cp314-cp314t-manylinux_2_24_x86_64.manylinux_2_28_x86_64.whl", hash = "sha256:b444dc64c079e84df91baa8bf613d58405645461cabca929d9178f2cd392398d", size = 10743641, upload-time = "2026-03-31T06:48:16.659Z" },
    { url = "https://files.pythonhosted.org/packages/56/ca/fd17286f24fa3b4d067965d8d5d7e14fe557dd4f979a0b068ac0deaf8228/pandas-3.0.2-cp314-cp314t-musllinux_1_2_aarch64.whl", hash = "sha256:4544c7a54920de8eeacaa1466a6b7268ecfbc9bc64ab4dbb89c6bbe94d5e0660", size = 11361993, upload-time = "2026-03-31T06:48:19.475Z" },
    { url = "https://files.pythonhosted.org/packages/e4/a5/2f6ed612056819de445a433ca1f2821ac3dab7f150d569a59e9cc105de1d/pandas-3.0.2-cp314-cp314t-musllinux_1_2_x86_64.whl", hash = "sha256:734be7551687c00fbd760dc0522ed974f82ad230d4a10f54bf51b80d44a08702", size = 11815274, upload-time = "2026-03-31T06:48:22.695Z" },
    { url = "https://files.pythonhosted.org/packages/00/2f/b622683e99ec3ce00b0854bac9e80868592c5b051733f2cf3a868e5fea26/pandas-3.0.2-cp314-cp314t-win_amd64.whl", hash = "sha256:57a07209bebcbcf768d2d13c9b78b852f9a15978dac41b9e6421a81ad4cdd276", size = 10888530, upload-time = "2026-03-31T06:48:25.806Z" },
    { url = "https://files.pythonhosted.org/packages/cb/2b/f8434233fab2bd66a02ec014febe4e5adced20e2693e0e90a07d118ed30e/pandas-3.0.2-cp314-cp314t-win_arm64.whl", hash = "sha256:5371b72c2d4d415d08765f32d689217a43227484e81b2305b52076e328f6f482", size = 9455341, upload-time = "2026-03-31T06:48:28.418Z" },
]

[[package]]
name = "python-dateutil"
version = "2.9.0.post0"
source = { registry = "https://pypi.org/simple" }
dependencies = [
    { name = "six" },
]
sdist = { url = "https://files.pythonhosted.org/packages/66/c0/0c8b6ad9f17a802ee498c46e004a0eb49bc148f2fd230864601a86dcf6db/python-dateutil-2.9.0.post0.tar.gz", hash = "sha256:37dd54208da7e1cd875388217d5e00ebd4179249f90fb72437e91a35459a0ad3", size = 342432, upload-time = "2024-03-01T18:36:20.211Z" }
wheels = [
    { url = "https://files.pythonhosted.org/packages/ec/57/56b9bcc3c9c6a792fcbaf139543cee77261f3651ca9da0c93f5c1221264b/python_dateutil-2.9.0.post0-py2.py3-none-any.whl", hash = "sha256:a8b2bc7bffae282281c8140a97d3aa9c14da0b136dfe83f850eea9a5f7470427", size = 229892, upload-time = "2024-03-01T18:36:18.57Z" },
]

[[package]]
name = "six"
version = "1.17.0"
source = { registry = "https://pypi.org/simple" }
sdist = { url = "https://files.pythonhosted.org/packages/94/e7/b2c673351809dca68a0e064b6af791aa332cf192da575fd474ed7d6f16a2/six-1.17.0.tar.gz", hash = "sha256:ff70335d468e7eb6ec65b95b99d3a2836546063f63acc5171de367e834932a81", size = 34031, upload-time = "2024-12-04T17:35:28.174Z" }
wheels = [
    { url = "https://files.pythonhosted.org/packages/b7/ce/149a00dd41f10bc29e5921b496af8b574d8413afcd5e30dfa0ed46c2cc5e/six-1.17.0-py2.py3-none-any.whl", hash = "sha256:4721f391ed90541fddacab5acf947aa0d3dc7d27b2e1e8eda2be8970586c3274", size = 11050, upload-time = "2024-12-04T17:35:26.475Z" },
]

[[package]]
name = "tzdata"
version = "2026.2"
source = { registry = "https://pypi.org/simple" }
sdist = { url = "https://files.pythonhosted.org/packages/ba/19/1b9b0e29f30c6d35cb345486df41110984ea67ae69dddbc0e8a100999493/tzdata-2026.2.tar.gz", hash = "sha256:9173fde7d80d9018e02a662e168e5a2d04f87c41ea174b139fbef642eda62d10", size = 198254, upload-time = "2026-04-24T15:22:08.651Z" }
wheels = [
    { url = "https://files.pythonhosted.org/packages/ce/e4/dccd7f47c4b64213ac01ef921a1337ee6e30e8c6466046018326977efd95/tzdata-2026.2-py2.py3-none-any.whl", hash = "sha256:bbe9af844f658da81a5f95019480da3a89415801f6cc966806612cc7169bffe7", size = 349321, upload-time = "2026-04-24T15:22:05.876Z" },
]
